# This file is autogenerated, do not edit; changes may be undone by the next 'dep ensure'.


[[projects]]
  branch = "master"
  name = "github.com/m0cchi/postal_worker"
  packages = ["model"]
  revision = "89d91da40dabf1de1612b7a34253e94690c5827e"

[solve-meta]
  analyzer-name = "dep"
  analyzer-version = 1
  inputs-digest = "5e3572347309542f6c9b272f2aef660ee9e8e27dfc5c26d8238ab869a6b96af0"
  solver-name = "gps-cdcl"
  solver-version = 1
